// !$*UTF8*$!
{
	archiveVersion = 1;
	classes = {
	};
	objectVersion = 56;
	objects = {

/* Begin PBXBuildFile section */
		DD11F1F32C6D3DCA00E9A5B8 /* LoveCell.swift in Sources */ = {isa = PBXBuildFile; fileRef = DD11F1F22C6D3DCA00E9A5B8 /* LoveCell.swift */; };
		DD145FB82BCB08680063D4C7 /* AppDelegate.swift in Sources */ = {isa = PBXBuildFile; fileRef = DD145FB72BCB08680063D4C7 /* AppDelegate.swift */; };
		DD145FBA2BCB08690063D4C7 /* SceneDelegate.swift in Sources */ = {isa = PBXBuildFile; fileRef = DD145FB92BCB08690063D4C7 /* SceneDelegate.swift */; };
		DD145FBC2BCB08690063D4C7 /* HomeViewController.swift in Sources */ = {isa = PBXBuildFile; fileRef = DD145FBB2BCB08690063D4C7 /* HomeViewController.swift */; };
		DD145FC12BCB086D0063D4C7 /* Assets.xcassets in Resources */ = {isa = PBXBuildFile; fileRef = DD145FC02BCB086D0063D4C7 /* Assets.xcassets */; };
		DD145FC42BCB086D0063D4C7 /* Base in Resources */ = {isa = PBXBuildFile; fileRef = DD145FC32BCB086D0063D4C7 /* Base */; };
		DD145FD02BCB0A8B0063D4C7 /* TabBarController.swift in Sources */ = {isa = PBXBuildFile; fileRef = DD145FCF2BCB0A8B0063D4C7 /* TabBarController.swift */; };
		DD145FD42BCB0D890063D4C7 /* TabBar.swift in Sources */ = {isa = PBXBuildFile; fileRef = DD145FD32BCB0D890063D4C7 /* TabBar.swift */; };
		DD2075B42C62A83700611DFD /* SizeCell.swift in Sources */ = {isa = PBXBuildFile; fileRef = DD2075B32C62A83700611DFD /* SizeCell.swift */; };
		DD2075B62C62A8B100611DFD /* Extension+SizeCell.swift in Sources */ = {isa = PBXBuildFile; fileRef = DD2075B52C62A8B100611DFD /* Extension+SizeCell.swift */; };
		DD46C00C2BF3C6E400C90CF3 /* CoffeeInfo.swift in Sources */ = {isa = PBXBuildFile; fileRef = DD46C00B2BF3C6E300C90CF3 /* CoffeeInfo.swift */; };
		DD59687A2BD566BE001F9011 /* Data.swift in Sources */ = {isa = PBXBuildFile; fileRef = DD5968792BD566BE001F9011 /* Data.swift */; };
		DD59687C2BD56802001F9011 /* CoffeeModel.swift in Sources */ = {isa = PBXBuildFile; fileRef = DD59687B2BD56801001F9011 /* CoffeeModel.swift */; };
		DD59687E2BE00CBA001F9011 /* CoffeeCell.swift in Sources */ = {isa = PBXBuildFile; fileRef = DD59687D2BE00CBA001F9011 /* CoffeeCell.swift */; };
		DD6E6D652C8F6C9C0021CBBE /* CoffeeCoreData.xcdatamodeld in Sources */ = {isa = PBXBuildFile; fileRef = DD6E6D632C8F6C9C0021CBBE /* CoffeeCoreData.xcdatamodeld */; };
		DD6E6D692C8F6FCB0021CBBE /* Coffee+CoreDataProperties.swift in Sources */ = {isa = PBXBuildFile; fileRef = DD6E6D672C8F6FCB0021CBBE /* Coffee+CoreDataProperties.swift */; };
		DD6E6D6D2C8F70690021CBBE /* CoreDataManager.swift in Sources */ = {isa = PBXBuildFile; fileRef = DD6E6D6C2C8F70690021CBBE /* CoreDataManager.swift */; };
		DD78E1222BCB3998002234EC /* HomeView.swift in Sources */ = {isa = PBXBuildFile; fileRef = DD78E1212BCB3998002234EC /* HomeView.swift */; };
		DD78E1242BCB3A46002234EC /* LoveViewController.swift in Sources */ = {isa = PBXBuildFile; fileRef = DD78E1232BCB3A46002234EC /* LoveViewController.swift */; };
		DD78E1262BCB3A4F002234EC /* LoveView.swift in Sources */ = {isa = PBXBuildFile; fileRef = DD78E1252BCB3A4F002234EC /* LoveView.swift */; };
		DD78E1282BCB3AB3002234EC /* BuyViewController.swift in Sources */ = {isa = PBXBuildFile; fileRef = DD78E1272BCB3AB3002234EC /* BuyViewController.swift */; };
		DD78E12A2BCB3AE1002234EC /* BuyView.swift in Sources */ = {isa = PBXBuildFile; fileRef = DD78E1292BCB3AE1002234EC /* BuyView.swift */; };
		DD9D07D92BF29C2700932D2C /* CoffeeInfoVC.swift in Sources */ = {isa = PBXBuildFile; fileRef = DD9D07D82BF29C2700932D2C /* CoffeeInfoVC.swift */; };
		DDF558F92C52F6870002294F /* Sora-Bold.ttf in Resources */ = {isa = PBXBuildFile; fileRef = DDF558F02C52F6870002294F /* Sora-Bold.ttf */; };
		DDF558FA2C52F6870002294F /* Sora-ExtraBold.ttf in Resources */ = {isa = PBXBuildFile; fileRef = DDF558F12C52F6870002294F /* Sora-ExtraBold.ttf */; };
		DDF558FB2C52F6870002294F /* Sora-ExtraLight.ttf in Resources */ = {isa = PBXBuildFile; fileRef = DDF558F22C52F6870002294F /* Sora-ExtraLight.ttf */; };
		DDF558FC2C52F6870002294F /* Sora-Light.ttf in Resources */ = {isa = PBXBuildFile; fileRef = DDF558F32C52F6870002294F /* Sora-Light.ttf */; };
		DDF558FD2C52F6870002294F /* Sora-Medium.ttf in Resources */ = {isa = PBXBuildFile; fileRef = DDF558F42C52F6870002294F /* Sora-Medium.ttf */; };
		DDF558FE2C52F6870002294F /* Sora-Regular.ttf in Resources */ = {isa = PBXBuildFile; fileRef = DDF558F52C52F6870002294F /* Sora-Regular.ttf */; };
		DDF558FF2C52F6870002294F /* Sora-SemiBold.ttf in Resources */ = {isa = PBXBuildFile; fileRef = DDF558F62C52F6870002294F /* Sora-SemiBold.ttf */; };
		DDF559002C52F6870002294F /* Sora-Thin.ttf in Resources */ = {isa = PBXBuildFile; fileRef = DDF558F72C52F6870002294F /* Sora-Thin.ttf */; };
		DDF559022C52F6950002294F /* Fonts.swift in Sources */ = {isa = PBXBuildFile; fileRef = DDF559012C52F6950002294F /* Fonts.swift */; };
/* End PBXBuildFile section */

/* Begin PBXFileReference section */
		DD11F1F22C6D3DCA00E9A5B8 /* LoveCell.swift */ = {isa = PBXFileReference; lastKnownFileType = sourcecode.swift; path = LoveCell.swift; sourceTree = "<group>"; };
		DD145FB42BCB08680063D4C7 /* LuckCoffee.app */ = {isa = PBXFileReference; explicitFileType = wrapper.application; includeInIndex = 0; path = LuckCoffee.app; sourceTree = BUILT_PRODUCTS_DIR; };
		DD145FB72BCB08680063D4C7 /* AppDelegate.swift */ = {isa = PBXFileReference; lastKnownFileType = sourcecode.swift; path = AppDelegate.swift; sourceTree = "<group>"; };
		DD145FB92BCB08690063D4C7 /* SceneDelegate.swift */ = {isa = PBXFileReference; lastKnownFileType = sourcecode.swift; path = SceneDelegate.swift; sourceTree = "<group>"; };
		DD145FBB2BCB08690063D4C7 /* HomeViewController.swift */ = {isa = PBXFileReference; lastKnownFileType = sourcecode.swift; path = HomeViewController.swift; sourceTree = "<group>"; };
		DD145FC02BCB086D0063D4C7 /* Assets.xcassets */ = {isa = PBXFileReference; lastKnownFileType = folder.assetcatalog; path = Assets.xcassets; sourceTree = "<group>"; };
		DD145FC32BCB086D0063D4C7 /* Base */ = {isa = PBXFileReference; lastKnownFileType = file.storyboard; name = Base; path = Base.lproj/LaunchScreen.storyboard; sourceTree = "<group>"; };
		DD145FC52BCB086D0063D4C7 /* Info.plist */ = {isa = PBXFileReference; lastKnownFileType = text.plist.xml; path = Info.plist; sourceTree = "<group>"; };
		DD145FCF2BCB0A8B0063D4C7 /* TabBarController.swift */ = {isa = PBXFileReference; lastKnownFileType = sourcecode.swift; path = TabBarController.swift; sourceTree = "<group>"; };
		DD145FD32BCB0D890063D4C7 /* TabBar.swift */ = {isa = PBXFileReference; lastKnownFileType = sourcecode.swift; path = TabBar.swift; sourceTree = "<group>"; };
		DD2075B32C62A83700611DFD /* SizeCell.swift */ = {isa = PBXFileReference; lastKnownFileType = sourcecode.swift; path = SizeCell.swift; sourceTree = "<group>"; };
		DD2075B52C62A8B100611DFD /* Extension+SizeCell.swift */ = {isa = PBXFileReference; lastKnownFileType = sourcecode.swift; name = "Extension+SizeCell.swift"; path = "../Extension+SizeCell.swift"; sourceTree = "<group>"; };
		DD46C00B2BF3C6E300C90CF3 /* CoffeeInfo.swift */ = {isa = PBXFileReference; lastKnownFileType = sourcecode.swift; path = CoffeeInfo.swift; sourceTree = "<group>"; };
		DD5968792BD566BE001F9011 /* Data.swift */ = {isa = PBXFileReference; lastKnownFileType = sourcecode.swift; path = Data.swift; sourceTree = "<group>"; };
		DD59687B2BD56801001F9011 /* CoffeeModel.swift */ = {isa = PBXFileReference; lastKnownFileType = sourcecode.swift; path = CoffeeModel.swift; sourceTree = "<group>"; };
		DD59687D2BE00CBA001F9011 /* CoffeeCell.swift */ = {isa = PBXFileReference; lastKnownFileType = sourcecode.swift; path = CoffeeCell.swift; sourceTree = "<group>"; };
		DD6E6D642C8F6C9C0021CBBE /* CoffeeCoreData.xcdatamodel */ = {isa = PBXFileReference; lastKnownFileType = wrapper.xcdatamodel; path = CoffeeCoreData.xcdatamodel; sourceTree = "<group>"; };
		DD6E6D672C8F6FCB0021CBBE /* Coffee+CoreDataProperties.swift */ = {isa = PBXFileReference; lastKnownFileType = sourcecode.swift; path = "Coffee+CoreDataProperties.swift"; sourceTree = "<group>"; };
		DD6E6D6C2C8F70690021CBBE /* CoreDataManager.swift */ = {isa = PBXFileReference; lastKnownFileType = sourcecode.swift; path = CoreDataManager.swift; sourceTree = "<group>"; };
		DD78E1212BCB3998002234EC /* HomeView.swift */ = {isa = PBXFileReference; lastKnownFileType = sourcecode.swift; path = HomeView.swift; sourceTree = "<group>"; };
		DD78E1232BCB3A46002234EC /* LoveViewController.swift */ = {isa = PBXFileReference; lastKnownFileType = sourcecode.swift; path = LoveViewController.swift; sourceTree = "<group>"; };
		DD78E1252BCB3A4F002234EC /* LoveView.swift */ = {isa = PBXFileReference; lastKnownFileType = sourcecode.swift; path = LoveView.swift; sourceTree = "<group>"; };
		DD78E1272BCB3AB3002234EC /* BuyViewController.swift */ = {isa = PBXFileReference; lastKnownFileType = sourcecode.swift; path = BuyViewController.swift; sourceTree = "<group>"; };
		DD78E1292BCB3AE1002234EC /* BuyView.swift */ = {isa = PBXFileReference; lastKnownFileType = sourcecode.swift; path = BuyView.swift; sourceTree = "<group>"; };
		DD9D07D82BF29C2700932D2C /* CoffeeInfoVC.swift */ = {isa = PBXFileReference; lastKnownFileType = sourcecode.swift; path = CoffeeInfoVC.swift; sourceTree = "<group>"; };
		DDF558F02C52F6870002294F /* Sora-Bold.ttf */ = {isa = PBXFileReference; lastKnownFileType = file; path = "Sora-Bold.ttf"; sourceTree = "<group>"; };
		DDF558F12C52F6870002294F /* Sora-ExtraBold.ttf */ = {isa = PBXFileReference; lastKnownFileType = file; path = "Sora-ExtraBold.ttf"; sourceTree = "<group>"; };
		DDF558F22C52F6870002294F /* Sora-ExtraLight.ttf */ = {isa = PBXFileReference; lastKnownFileType = file; path = "Sora-ExtraLight.ttf"; sourceTree = "<group>"; };
		DDF558F32C52F6870002294F /* Sora-Light.ttf */ = {isa = PBXFileReference; lastKnownFileType = file; path = "Sora-Light.ttf"; sourceTree = "<group>"; };
		DDF558F42C52F6870002294F /* Sora-Medium.ttf */ = {isa = PBXFileReference; lastKnownFileType = file; path = "Sora-Medium.ttf"; sourceTree = "<group>"; };
		DDF558F52C52F6870002294F /* Sora-Regular.ttf */ = {isa = PBXFileReference; lastKnownFileType = file; path = "Sora-Regular.ttf"; sourceTree = "<group>"; };
		DDF558F62C52F6870002294F /* Sora-SemiBold.ttf */ = {isa = PBXFileReference; lastKnownFileType = file; path = "Sora-SemiBold.ttf"; sourceTree = "<group>"; };
		DDF558F72C52F6870002294F /* Sora-Thin.ttf */ = {isa = PBXFileReference; lastKnownFileType = file; path = "Sora-Thin.ttf"; sourceTree = "<group>"; };
		DDF559012C52F6950002294F /* Fonts.swift */ = {isa = PBXFileReference; lastKnownFileType = sourcecode.swift; path = Fonts.swift; sourceTree = "<group>"; };
/* End PBXFileReference section */

/* Begin PBXFrameworksBuildPhase section */
		DD145FB12BCB08680063D4C7 /* Frameworks */ = {
			isa = PBXFrameworksBuildPhase;
			buildActionMask = 2147483647;
			files = (
			);
			runOnlyForDeploymentPostprocessing = 0;
		};
/* End PBXFrameworksBuildPhase section */

/* Begin PBXGroup section */
		DD11F1F12C6D3DAC00E9A5B8 /* CustomCell */ = {
			isa = PBXGroup;
			children = (
				DD11F1F22C6D3DCA00E9A5B8 /* LoveCell.swift */,
			);
			path = CustomCell;
			sourceTree = "<group>";
		};
		DD145FAB2BCB08680063D4C7 = {
			isa = PBXGroup;
			children = (
				DD6E6D632C8F6C9C0021CBBE /* CoffeeCoreData.xcdatamodeld */,
				DD145FB62BCB08680063D4C7 /* LuckCoffee */,
				DD145FB52BCB08680063D4C7 /* Products */,
			);
			sourceTree = "<group>";
		};
		DD145FB52BCB08680063D4C7 /* Products */ = {
			isa = PBXGroup;
			children = (
				DD145FB42BCB08680063D4C7 /* LuckCoffee.app */,
			);
			name = Products;
			sourceTree = "<group>";
		};
		DD145FB62BCB08680063D4C7 /* LuckCoffee */ = {
			isa = PBXGroup;
			children = (
				DD6E6D6A2C8F704A0021CBBE /* Core Data */,
				DD145FD22BCB0D5C0063D4C7 /* ViewControllers */,
				DD145FCE2BCB0A5F0063D4C7 /* Support */,
				DD145FC52BCB086D0063D4C7 /* Info.plist */,
			);
			path = LuckCoffee;
			sourceTree = "<group>";
		};
		DD145FCB2BCB0A210063D4C7 /* HomeVC */ = {
			isa = PBXGroup;
			children = (
				DD1E121E2C93275D008B6B3E /* CoffeeInfo */,
				DD78E12E2BD05C0F002234EC /* Data */,
				DD78E12B2BCEDAA9002234EC /* CustomCell */,
				DD145FBB2BCB08690063D4C7 /* HomeViewController.swift */,
				DD78E1212BCB3998002234EC /* HomeView.swift */,
			);
			path = HomeVC;
			sourceTree = "<group>";
		};
		DD145FCC2BCB0A2F0063D4C7 /* LoveVC */ = {
			isa = PBXGroup;
			children = (
				DD11F1F12C6D3DAC00E9A5B8 /* CustomCell */,
				DD78E1232BCB3A46002234EC /* LoveViewController.swift */,
				DD78E1252BCB3A4F002234EC /* LoveView.swift */,
			);
			path = LoveVC;
			sourceTree = "<group>";
		};
		DD145FCD2BCB0A390063D4C7 /* BuyVC */ = {
			isa = PBXGroup;
			children = (
				DD78E1272BCB3AB3002234EC /* BuyViewController.swift */,
				DD78E1292BCB3AE1002234EC /* BuyView.swift */,
			);
			path = BuyVC;
			sourceTree = "<group>";
		};
		DD145FCE2BCB0A5F0063D4C7 /* Support */ = {
			isa = PBXGroup;
			children = (
				DDF558EF2C52F6680002294F /* Fonts */,
				DD145FB72BCB08680063D4C7 /* AppDelegate.swift */,
				DD145FB92BCB08690063D4C7 /* SceneDelegate.swift */,
				DD145FC02BCB086D0063D4C7 /* Assets.xcassets */,
				DD145FC22BCB086D0063D4C7 /* LaunchScreen.storyboard */,
			);
			path = Support;
			sourceTree = "<group>";
		};
		DD145FD12BCB0D4E0063D4C7 /* TabBar */ = {
			isa = PBXGroup;
			children = (
				DD145FCF2BCB0A8B0063D4C7 /* TabBarController.swift */,
				DD145FD32BCB0D890063D4C7 /* TabBar.swift */,
			);
			path = TabBar;
			sourceTree = "<group>";
		};
		DD145FD22BCB0D5C0063D4C7 /* ViewControllers */ = {
			isa = PBXGroup;
			children = (
				DD145FD12BCB0D4E0063D4C7 /* TabBar */,
				DD145FCD2BCB0A390063D4C7 /* BuyVC */,
				DD145FCC2BCB0A2F0063D4C7 /* LoveVC */,
				DD145FCB2BCB0A210063D4C7 /* HomeVC */,
			);
			path = ViewControllers;
			sourceTree = "<group>";
		};
		DD1E121E2C93275D008B6B3E /* CoffeeInfo */ = {
			isa = PBXGroup;
			children = (
				DD9D07D82BF29C2700932D2C /* CoffeeInfoVC.swift */,
				DD46C00B2BF3C6E300C90CF3 /* CoffeeInfo.swift */,
			);
			path = CoffeeInfo;
			sourceTree = "<group>";
		};
		DD6E6D6A2C8F704A0021CBBE /* Core Data */ = {
			isa = PBXGroup;
			children = (
				DD6E6D6B2C8F705B0021CBBE /* Core Data Manager */,
				DD6E6D672C8F6FCB0021CBBE /* Coffee+CoreDataProperties.swift */,
			);
			path = "Core Data";
			sourceTree = "<group>";
		};
		DD6E6D6B2C8F705B0021CBBE /* Core Data Manager */ = {
			isa = PBXGroup;
			children = (
				DD6E6D6C2C8F70690021CBBE /* CoreDataManager.swift */,
			);
			path = "Core Data Manager";
			sourceTree = "<group>";
		};
		DD78E12B2BCEDAA9002234EC /* CustomCell */ = {
			isa = PBXGroup;
			children = (
				DD59687D2BE00CBA001F9011 /* CoffeeCell.swift */,
				DD2075B32C62A83700611DFD /* SizeCell.swift */,
				DD2075B52C62A8B100611DFD /* Extension+SizeCell.swift */,
			);
			path = CustomCell;
			sourceTree = "<group>";
		};
		DD78E12E2BD05C0F002234EC /* Data */ = {
			isa = PBXGroup;
			children = (
				DD5968792BD566BE001F9011 /* Data.swift */,
				DD59687B2BD56801001F9011 /* CoffeeModel.swift */,
			);
			path = Data;
			sourceTree = "<group>";
		};
		DDF558EF2C52F6680002294F /* Fonts */ = {
			isa = PBXGroup;
			children = (
				DDF558F82C52F6870002294F /* static */,
				DDF559012C52F6950002294F /* Fonts.swift */,
			);
			path = Fonts;
			sourceTree = "<group>";
		};
		DDF558F82C52F6870002294F /* static */ = {
			isa = PBXGroup;
			children = (
				DDF558F02C52F6870002294F /* Sora-Bold.ttf */,
				DDF558F12C52F6870002294F /* Sora-ExtraBold.ttf */,
				DDF558F22C52F6870002294F /* Sora-ExtraLight.ttf */,
				DDF558F32C52F6870002294F /* Sora-Light.ttf */,
				DDF558F42C52F6870002294F /* Sora-Medium.ttf */,
				DDF558F52C52F6870002294F /* Sora-Regular.ttf */,
				DDF558F62C52F6870002294F /* Sora-SemiBold.ttf */,
				DDF558F72C52F6870002294F /* Sora-Thin.ttf */,
			);
			path = static;
			sourceTree = "<group>";
		};
/* End PBXGroup section */

/* Begin PBXNativeTarget section */
		DD145FB32BCB08680063D4C7 /* LuckCoffee */ = {
			isa = PBXNativeTarget;
			buildConfigurationList = DD145FC82BCB086D0063D4C7 /* Build configuration list for PBXNativeTarget "LuckCoffee" */;
			buildPhases = (
				DD145FB02BCB08680063D4C7 /* Sources */,
				DD145FB12BCB08680063D4C7 /* Frameworks */,
				DD145FB22BCB08680063D4C7 /* Resources */,
			);
			buildRules = (
			);
			dependencies = (
			);
			name = LuckCoffee;
			productName = LuckCoffee;
			productReference = DD145FB42BCB08680063D4C7 /* LuckCoffee.app */;
			productType = "com.apple.product-type.application";
		};
/* End PBXNativeTarget section */

/* Begin PBXProject section */
		DD145FAC2BCB08680063D4C7 /* Project object */ = {
			isa = PBXProject;
			attributes = {
				BuildIndependentTargetsInParallel = 1;
				LastSwiftUpdateCheck = 1530;
				LastUpgradeCheck = 1530;
				TargetAttributes = {
					DD145FB32BCB08680063D4C7 = {
						CreatedOnToolsVersion = 15.3;
					};
				};
			};
			buildConfigurationList = DD145FAF2BCB08680063D4C7 /* Build configuration list for PBXProject "LuckCoffee" */;
			compatibilityVersion = "Xcode 14.0";
			developmentRegion = en;
			hasScannedForEncodings = 0;
			knownRegions = (
				en,
				Base,
			);
			mainGroup = DD145FAB2BCB08680063D4C7;
			productRefGroup = DD145FB52BCB08680063D4C7 /* Products */;
			projectDirPath = "";
			projectRoot = "";
			targets = (
				DD145FB32BCB08680063D4C7 /* LuckCoffee */,
			);
		};
/* End PBXProject section */

/* Begin PBXResourcesBuildPhase section */
		DD145FB22BCB08680063D4C7 /* Resources */ = {
			isa = PBXResourcesBuildPhase;
			buildActionMask = 2147483647;
			files = (
				DDF558FE2C52F6870002294F /* Sora-Regular.ttf in Resources */,
				DDF558FF2C52F6870002294F /* Sora-SemiBold.ttf in Resources */,
				DD145FC12BCB086D0063D4C7 /* Assets.xcassets in Resources */,
				DDF558FA2C52F6870002294F /* Sora-ExtraBold.ttf in Resources */,
				DDF559002C52F6870002294F /* Sora-Thin.ttf in Resources */,
				DDF558FC2C52F6870002294F /* Sora-Light.ttf in Resources */,
				DDF558F92C52F6870002294F /* Sora-Bold.ttf in Resources */,
				DDF558FB2C52F6870002294F /* Sora-ExtraLight.ttf in Resources */,
				DDF558FD2C52F6870002294F /* Sora-Medium.ttf in Resources */,
				DD145FC42BCB086D0063D4C7 /* Base in Resources */,
			);
			runOnlyForDeploymentPostprocessing = 0;
		};
/* End PBXResourcesBuildPhase section */

/* Begin PBXSourcesBuildPhase section */
		DD145FB02BCB08680063D4C7 /* Sources */ = {
			isa = PBXSourcesBuildPhase;
			buildActionMask = 2147483647;
			files = (
				DDF559022C52F6950002294F /* Fonts.swift in Sources */,
				DD78E12A2BCB3AE1002234EC /* BuyView.swift in Sources */,
				DD46C00C2BF3C6E400C90CF3 /* CoffeeInfo.swift in Sources */,
				DD145FBC2BCB08690063D4C7 /* HomeViewController.swift in Sources */,
				DD145FD02BCB0A8B0063D4C7 /* TabBarController.swift in Sources */,
				DD78E1282BCB3AB3002234EC /* BuyViewController.swift in Sources */,
				DD6E6D652C8F6C9C0021CBBE /* CoffeeCoreData.xcdatamodeld in Sources */,
				DD59687E2BE00CBA001F9011 /* CoffeeCell.swift in Sources */,
				DD6E6D6D2C8F70690021CBBE /* CoreDataManager.swift in Sources */,
				DD9D07D92BF29C2700932D2C /* CoffeeInfoVC.swift in Sources */,
				DD78E1262BCB3A4F002234EC /* LoveView.swift in Sources */,
				DD59687C2BD56802001F9011 /* CoffeeModel.swift in Sources */,
				DD145FB82BCB08680063D4C7 /* AppDelegate.swift in Sources */,
				DD78E1222BCB3998002234EC /* HomeView.swift in Sources */,
				DD6E6D692C8F6FCB0021CBBE /* Coffee+CoreDataProperties.swift in Sources */,
				DD59687A2BD566BE001F9011 /* Data.swift in Sources */,
				DD11F1F32C6D3DCA00E9A5B8 /* LoveCell.swift in Sources */,
				DD2075B42C62A83700611DFD /* SizeCell.swift in Sources */,
				DD2075B62C62A8B100611DFD /* Extension+SizeCell.swift in Sources */,
				DD145FBA2BCB08690063D4C7 /* SceneDelegate.swift in Sources */,
				DD145FD42BCB0D890063D4C7 /* TabBar.swift in Sources */,
				DD78E1242BCB3A46002234EC /* LoveViewController.swift in Sources */,
			);
			runOnlyForDeploymentPostprocessing = 0;
		};
/* End PBXSourcesBuildPhase section */

/* Begin PBXVariantGroup section */
		DD145FC22BCB086D0063D4C7 /* LaunchScreen.storyboard */ = {
			isa = PBXVariantGroup;
			children = (
				DD145FC32BCB086D0063D4C7 /* Base */,
			);
			name = LaunchScreen.storyboard;
			sourceTree = "<group>";
		};
/* End PBXVariantGroup section */

/* Begin XCBuildConfiguration section */
		DD145FC62BCB086D0063D4C7 /* Debug */ = {
			isa = XCBuildConfiguration;
			buildSettings = {
				ALWAYS_SEARCH_USER_PATHS = NO;
				ASSETCATALOG_COMPILER_GENERATE_SWIFT_ASSET_SYMBOL_EXTENSIONS = YES;
				CLANG_ANALYZER_NONNULL = YES;
				CLANG_ANALYZER_NUMBER_OBJECT_CONVERSION = YES_AGGRESSIVE;
				CLANG_CXX_LANGUAGE_STANDARD = "gnu++20";
				CLANG_ENABLE_MODULES = YES;
				CLANG_ENABLE_OBJC_ARC = YES;
				CLANG_ENABLE_OBJC_WEAK = YES;
				CLANG_WARN_BLOCK_CAPTURE_AUTORELEASING = YES;
				CLANG_WARN_BOOL_CONVERSION = YES;
				CLANG_WARN_COMMA = YES;
				CLANG_WARN_CONSTANT_CONVERSION = YES;
				CLANG_WARN_DEPRECATED_OBJC_IMPLEMENTATIONS = YES;
				CLANG_WARN_DIRECT_OBJC_ISA_USAGE = YES_ERROR;
				CLANG_WARN_DOCUMENTATION_COMMENTS = YES;
				CLANG_WARN_EMPTY_BODY = YES;
				CLANG_WARN_ENUM_CONVERSION = YES;
				CLANG_WARN_INFINITE_RECURSION = YES;
				CLANG_WARN_INT_CONVERSION = YES;
				CLANG_WARN_NON_LITERAL_NULL_CONVERSION = YES;
				CLANG_WARN_OBJC_IMPLICIT_RETAIN_SELF = YES;
				CLANG_WARN_OBJC_LITERAL_CONVERSION = YES;
				CLANG_WARN_OBJC_ROOT_CLASS = YES_ERROR;
				CLANG_WARN_QUOTED_INCLUDE_IN_FRAMEWORK_HEADER = YES;
				CLANG_WARN_RANGE_LOOP_ANALYSIS = YES;
				CLANG_WARN_STRICT_PROTOTYPES = YES;
				CLANG_WARN_SUSPICIOUS_MOVE = YES;
				CLANG_WARN_UNGUARDED_AVAILABILITY = YES_AGGRESSIVE;
				CLANG_WARN_UNREACHABLE_CODE = YES;
				CLANG_WARN__DUPLICATE_METHOD_MATCH = YES;
				COPY_PHASE_STRIP = NO;
				DEBUG_INFORMATION_FORMAT = dwarf;
				ENABLE_STRICT_OBJC_MSGSEND = YES;
				ENABLE_TESTABILITY = YES;
				ENABLE_USER_SCRIPT_SANDBOXING = YES;
				GCC_C_LANGUAGE_STANDARD = gnu17;
				GCC_DYNAMIC_NO_PIC = NO;
				GCC_NO_COMMON_BLOCKS = YES;
				GCC_OPTIMIZATION_LEVEL = 0;
				GCC_PREPROCESSOR_DEFINITIONS = (
					"DEBUG=1",
					"$(inherited)",
				);
				GCC_WARN_64_TO_32_BIT_CONVERSION = YES;
				GCC_WARN_ABOUT_RETURN_TYPE = YES_ERROR;
				GCC_WARN_UNDECLARED_SELECTOR = YES;
				GCC_WARN_UNINITIALIZED_AUTOS = YES_AGGRESSIVE;
				GCC_WARN_UNUSED_FUNCTION = YES;
				GCC_WARN_UNUSED_VARIABLE = YES;
				IPHONEOS_DEPLOYMENT_TARGET = 17.4;
				LOCALIZATION_PREFERS_STRING_CATALOGS = YES;
				MTL_ENABLE_DEBUG_INFO = INCLUDE_SOURCE;
				MTL_FAST_MATH = YES;
				ONLY_ACTIVE_ARCH = YES;
				SDKROOT = iphoneos;
				SWIFT_ACTIVE_COMPILATION_CONDITIONS = "DEBUG $(inherited)";
				SWIFT_OPTIMIZATION_LEVEL = "-Onone";
			};
			name = Debug;
		};
		DD145FC72BCB086D0063D4C7 /* Release */ = {
			isa = XCBuildConfiguration;
			buildSettings = {
				ALWAYS_SEARCH_USER_PATHS = NO;
				ASSETCATALOG_COMPILER_GENERATE_SWIFT_ASSET_SYMBOL_EXTENSIONS = YES;
				CLANG_ANALYZER_NONNULL = YES;
				CLANG_ANALYZER_NUMBER_OBJECT_CONVERSION = YES_AGGRESSIVE;
				CLANG_CXX_LANGUAGE_STANDARD = "gnu++20";
				CLANG_ENABLE_MODULES = YES;
				CLANG_ENABLE_OBJC_ARC = YES;
				CLANG_ENABLE_OBJC_WEAK = YES;
				CLANG_WARN_BLOCK_CAPTURE_AUTORELEASING = YES;
				CLANG_WARN_BOOL_CONVERSION = YES;
				CLANG_WARN_COMMA = YES;
				CLANG_WARN_CONSTANT_CONVERSION = YES;
				CLANG_WARN_DEPRECATED_OBJC_IMPLEMENTATIONS = YES;
				CLANG_WARN_DIRECT_OBJC_ISA_USAGE = YES_ERROR;
				CLANG_WARN_DOCUMENTATION_COMMENTS = YES;
				CLANG_WARN_EMPTY_BODY = YES;
				CLANG_WARN_ENUM_CONVERSION = YES;
				CLANG_WARN_INFINITE_RECURSION = YES;
				CLANG_WARN_INT_CONVERSION = YES;
				CLANG_WARN_NON_LITERAL_NULL_CONVERSION = YES;
				CLANG_WARN_OBJC_IMPLICIT_RETAIN_SELF = YES;
				CLANG_WARN_OBJC_LITERAL_CONVERSION = YES;
				CLANG_WARN_OBJC_ROOT_CLASS = YES_ERROR;
				CLANG_WARN_QUOTED_INCLUDE_IN_FRAMEWORK_HEADER = YES;
				CLANG_WARN_RANGE_LOOP_ANALYSIS = YES;
				CLANG_WARN_STRICT_PROTOTYPES = YES;
				CLANG_WARN_SUSPICIOUS_MOVE = YES;
				CLANG_WARN_UNGUARDED_AVAILABILITY = YES_AGGRESSIVE;
				CLANG_WARN_UNREACHABLE_CODE = YES;
				CLANG_WARN__DUPLICATE_METHOD_MATCH = YES;
				COPY_PHASE_STRIP = NO;
				DEBUG_INFORMATION_FORMAT = "dwarf-with-dsym";
				ENABLE_NS_ASSERTIONS = NO;
				ENABLE_STRICT_OBJC_MSGSEND = YES;
				ENABLE_USER_SCRIPT_SANDBOXING = YES;
				GCC_C_LANGUAGE_STANDARD = gnu17;
				GCC_NO_COMMON_BLOCKS = YES;
				GCC_WARN_64_TO_32_BIT_CONVERSION = YES;
				GCC_WARN_ABOUT_RETURN_TYPE = YES_ERROR;
				GCC_WARN_UNDECLARED_SELECTOR = YES;
				GCC_WARN_UNINITIALIZED_AUTOS = YES_AGGRESSIVE;
				GCC_WARN_UNUSED_FUNCTION = YES;
				GCC_WARN_UNUSED_VARIABLE = YES;
				IPHONEOS_DEPLOYMENT_TARGET = 17.4;
				LOCALIZATION_PREFERS_STRING_CATALOGS = YES;
				MTL_ENABLE_DEBUG_INFO = NO;
				MTL_FAST_MATH = YES;
				SDKROOT = iphoneos;
				SWIFT_COMPILATION_MODE = wholemodule;
				VALIDATE_PRODUCT = YES;
			};
			name = Release;
		};
		DD145FC92BCB086D0063D4C7 /* Debug */ = {
			isa = XCBuildConfiguration;
			buildSettings = {
				ASSETCATALOG_COMPILER_APPICON_NAME = AppIcon;
				ASSETCATALOG_COMPILER_GLOBAL_ACCENT_COLOR_NAME = AccentColor;
				CODE_SIGN_STYLE = Automatic;
				CURRENT_PROJECT_VERSION = 1;
				DEVELOPMENT_TEAM = Z5LFJ3Z2HF;
				GENERATE_INFOPLIST_FILE = YES;
				INFOPLIST_FILE = LuckCoffee/Info.plist;
				INFOPLIST_KEY_CFBundleDisplayName = "Luck Coffee";
				INFOPLIST_KEY_LSApplicationCategoryType = "public.app-category.business";
				INFOPLIST_KEY_NSHumanReadableCopyright = "";
				INFOPLIST_KEY_UIApplicationSupportsIndirectInputEvents = YES;
				INFOPLIST_KEY_UILaunchStoryboardName = LaunchScreen;
				INFOPLIST_KEY_UISupportedInterfaceOrientations_iPad = "UIInterfaceOrientationPortrait UIInterfaceOrientationPortraitUpsideDown UIInterfaceOrientationLandscapeLeft UIInterfaceOrientationLandscapeRight";
				INFOPLIST_KEY_UISupportedInterfaceOrientations_iPhone = "UIInterfaceOrientationPortrait UIInterfaceOrientationLandscapeLeft UIInterfaceOrientationLandscapeRight";
				IPHONEOS_DEPLOYMENT_TARGET = 17.0;
				LD_RUNPATH_SEARCH_PATHS = (
					"$(inherited)",
					"@executable_path/Frameworks",
				);
				MARKETING_VERSION = 1.0;
				PRODUCT_BUNDLE_IDENTIFIER = "com.Drolllted-Kovs.LuckCoffee";
				PRODUCT_NAME = "$(TARGET_NAME)";
				SWIFT_EMIT_LOC_STRINGS = YES;
				SWIFT_VERSION = 5.0;
				TARGETED_DEVICE_FAMILY = "1,2";
			};
			name = Debug;
		};
		DD145FCA2BCB086D0063D4C7 /* Release */ = {
			isa = XCBuildConfiguration;
			buildSettings = {
				ASSETCATALOG_COMPILER_APPICON_NAME = AppIcon;
				ASSETCATALOG_COMPILER_GLOBAL_ACCENT_COLOR_NAME = AccentColor;
				CODE_SIGN_STYLE = Automatic;
				CURRENT_PROJECT_VERSION = 1;
				DEVELOPMENT_TEAM = Z5LFJ3Z2HF;
				GENERATE_INFOPLIST_FILE = YES;
				INFOPLIST_FILE = LuckCoffee/Info.plist;
				INFOPLIST_KEY_CFBundleDisplayName = "Luck Coffee";
				INFOPLIST_KEY_LSApplicationCategoryType = "public.app-category.business";
				INFOPLIST_KEY_NSHumanReadableCopyright = "";
				INFOPLIST_KEY_UIApplicationSupportsIndirectInputEvents = YES;
				INFOPLIST_KEY_UILaunchStoryboardName = LaunchScreen;
				INFOPLIST_KEY_UISupportedInterfaceOrientations_iPad = "UIInterfaceOrientationPortrait UIInterfaceOrientationPortraitUpsideDown UIInterfaceOrientationLandscapeLeft UIInterfaceOrientationLandscapeRight";
				INFOPLIST_KEY_UISupportedInterfaceOrientations_iPhone = "UIInterfaceOrientationPortrait UIInterfaceOrientationLandscapeLeft UIInterfaceOrientationLandscapeRight";
				IPHONEOS_DEPLOYMENT_TARGET = 17.0;
				LD_RUNPATH_SEARCH_PATHS = (
					"$(inherited)",
					"@executable_path/Frameworks",
				);
				MARKETING_VERSION = 1.0;
				PRODUCT_BUNDLE_IDENTIFIER = "com.Drolllted-Kovs.LuckCoffee";
				PRODUCT_NAME = "$(TARGET_NAME)";
				SWIFT_EMIT_LOC_STRINGS = YES;
				SWIFT_VERSION = 5.0;
				TARGETED_DEVICE_FAMILY = "1,2";
			};
			name = Release;
		};
/* End XCBuildConfiguration section */

/* Begin XCConfigurationList section */
		DD145FAF2BCB08680063D4C7 /* Build configuration list for PBXProject "LuckCoffee" */ = {
			isa = XCConfigurationList;
			buildConfigurations = (
				DD145FC62BCB086D0063D4C7 /* Debug */,
				DD145FC72BCB086D0063D4C7 /* Release */,
			);
			defaultConfigurationIsVisible = 0;
			defaultConfigurationName = Release;
		};
		DD145FC82BCB086D0063D4C7 /* Build configuration list for PBXNativeTarget "LuckCoffee" */ = {
			isa = XCConfigurationList;
			buildConfigurations = (
				DD145FC92BCB086D0063D4C7 /* Debug */,
				DD145FCA2BCB086D0063D4C7 /* Release */,
			);
			defaultConfigurationIsVisible = 0;
			defaultConfigurationName = Release;
		};
/* End XCConfigurationList section */

/* Begin XCVersionGroup section */
		DD6E6D632C8F6C9C0021CBBE /* CoffeeCoreData.xcdatamodeld */ = {
			isa = XCVersionGroup;
			children = (
				DD6E6D642C8F6C9C0021CBBE /* CoffeeCoreData.xcdatamodel */,
			);
			currentVersion = DD6E6D642C8F6C9C0021CBBE /* CoffeeCoreData.xcdatamodel */;
			name = CoffeeCoreData.xcdatamodeld;
			path = /Users/drolllted/Desktop/Xcode/LuckCoffee/CoffeeCoreData.xcdatamodeld;
			sourceTree = "<group>";
			versionGroupType = wrapper.xcdatamodel;
		};
/* End XCVersionGroup section */
	};
	rootObject = DD145FAC2BCB08680063D4C7 /* Project object */;
}
