// !$*UTF8*$!
{
	archiveVersion = 1;
	classes = {
	};
	objectVersion = 56;
	objects = {

/* Begin PBXBuildFile section */
		DD145FB82BCB08680063D4C7 /* AppDelegate.swift in Sources */ = {isa = PBXBuildFile; fileRef = DD145FB72BCB08680063D4C7 /* AppDelegate.swift */; };
		DD145FBA2BCB08690063D4C7 /* SceneDelegate.swift in Sources */ = {isa = PBXBuildFile; fileRef = DD145FB92BCB08690063D4C7 /* SceneDelegate.swift */; };
		DD145FBC2BCB08690063D4C7 /* HomeViewController.swift in Sources */ = {isa = PBXBuildFile; fileRef = DD145FBB2BCB08690063D4C7 /* HomeViewController.swift */; };
		DD145FC12BCB086D0063D4C7 /* Assets.xcassets in Resources */ = {isa = PBXBuildFile; fileRef = DD145FC02BCB086D0063D4C7 /* Assets.xcassets */; };
		DD145FC42BCB086D0063D4C7 /* Base in Resources */ = {isa = PBXBuildFile; fileRef = DD145FC32BCB086D0063D4C7 /* Base */; };
		DD145FD02BCB0A8B0063D4C7 /* TabBarController.swift in Sources */ = {isa = PBXBuildFile; fileRef = DD145FCF2BCB0A8B0063D4C7 /* TabBarController.swift */; };
		DD145FD42BCB0D890063D4C7 /* TabBar.swift in Sources */ = {isa = PBXBuildFile; fileRef = DD145FD32BCB0D890063D4C7 /* TabBar.swift */; };
		DD78E1222BCB3998002234EC /* HomeView.swift in Sources */ = {isa = PBXBuildFile; fileRef = DD78E1212BCB3998002234EC /* HomeView.swift */; };
		DD78E1242BCB3A46002234EC /* LoveViewController.swift in Sources */ = {isa = PBXBuildFile; fileRef = DD78E1232BCB3A46002234EC /* LoveViewController.swift */; };
		DD78E1262BCB3A4F002234EC /* LoveView.swift in Sources */ = {isa = PBXBuildFile; fileRef = DD78E1252BCB3A4F002234EC /* LoveView.swift */; };
		DD78E1282BCB3AB3002234EC /* BuyViewController.swift in Sources */ = {isa = PBXBuildFile; fileRef = DD78E1272BCB3AB3002234EC /* BuyViewController.swift */; };
		DD78E12A2BCB3AE1002234EC /* BuyView.swift in Sources */ = {isa = PBXBuildFile; fileRef = DD78E1292BCB3AE1002234EC /* BuyView.swift */; };
		DD78E12D2BCFD313002234EC /* SlideMenuCell.swift in Sources */ = {isa = PBXBuildFile; fileRef = DD78E12C2BCFD313002234EC /* SlideMenuCell.swift */; };
/* End PBXBuildFile section */

/* Begin PBXFileReference section */
		DD145FB42BCB08680063D4C7 /* LuckCoffee.app */ = {isa = PBXFileReference; explicitFileType = wrapper.application; includeInIndex = 0; path = LuckCoffee.app; sourceTree = BUILT_PRODUCTS_DIR; };
		DD145FB72BCB08680063D4C7 /* AppDelegate.swift */ = {isa = PBXFileReference; lastKnownFileType = sourcecode.swift; path = AppDelegate.swift; sourceTree = "<group>"; };
		DD145FB92BCB08690063D4C7 /* SceneDelegate.swift */ = {isa = PBXFileReference; lastKnownFileType = sourcecode.swift; path = SceneDelegate.swift; sourceTree = "<group>"; };
		DD145FBB2BCB08690063D4C7 /* HomeViewController.swift */ = {isa = PBXFileReference; lastKnownFileType = sourcecode.swift; path = HomeViewController.swift; sourceTree = "<group>"; };
		DD145FC02BCB086D0063D4C7 /* Assets.xcassets */ = {isa = PBXFileReference; lastKnownFileType = folder.assetcatalog; path = Assets.xcassets; sourceTree = "<group>"; };
		DD145FC32BCB086D0063D4C7 /* Base */ = {isa = PBXFileReference; lastKnownFileType = file.storyboard; name = Base; path = Base.lproj/LaunchScreen.storyboard; sourceTree = "<group>"; };
		DD145FC52BCB086D0063D4C7 /* Info.plist */ = {isa = PBXFileReference; lastKnownFileType = text.plist.xml; path = Info.plist; sourceTree = "<group>"; };
		DD145FCF2BCB0A8B0063D4C7 /* TabBarController.swift */ = {isa = PBXFileReference; lastKnownFileType = sourcecode.swift; path = TabBarController.swift; sourceTree = "<group>"; };
		DD145FD32BCB0D890063D4C7 /* TabBar.swift */ = {isa = PBXFileReference; lastKnownFileType = sourcecode.swift; path = TabBar.swift; sourceTree = "<group>"; };
		DD78E1212BCB3998002234EC /* HomeView.swift */ = {isa = PBXFileReference; lastKnownFileType = sourcecode.swift; path = HomeView.swift; sourceTree = "<group>"; };
		DD78E1232BCB3A46002234EC /* LoveViewController.swift */ = {isa = PBXFileReference; lastKnownFileType = sourcecode.swift; path = LoveViewController.swift; sourceTree = "<group>"; };
		DD78E1252BCB3A4F002234EC /* LoveView.swift */ = {isa = PBXFileReference; lastKnownFileType = sourcecode.swift; path = LoveView.swift; sourceTree = "<group>"; };
		DD78E1272BCB3AB3002234EC /* BuyViewController.swift */ = {isa = PBXFileReference; lastKnownFileType = sourcecode.swift; path = BuyViewController.swift; sourceTree = "<group>"; };
		DD78E1292BCB3AE1002234EC /* BuyView.swift */ = {isa = PBXFileReference; lastKnownFileType = sourcecode.swift; path = BuyView.swift; sourceTree = "<group>"; };
		DD78E12C2BCFD313002234EC /* SlideMenuCell.swift */ = {isa = PBXFileReference; lastKnownFileType = sourcecode.swift; path = SlideMenuCell.swift; sourceTree = "<group>"; };
/* End PBXFileReference section */

/* Begin PBXFrameworksBuildPhase section */
		DD145FB12BCB08680063D4C7 /* Frameworks */ = {
			isa = PBXFrameworksBuildPhase;
			buildActionMask = 2147483647;
			files = (
			);
			runOnlyForDeploymentPostprocessing = 0;
		};
/* End PBXFrameworksBuildPhase section */

/* Begin PBXGroup section */
		DD145FAB2BCB08680063D4C7 = {
			isa = PBXGroup;
			children = (
				DD145FB62BCB08680063D4C7 /* LuckCoffee */,
				DD145FB52BCB08680063D4C7 /* Products */,
			);
			sourceTree = "<group>";
		};
		DD145FB52BCB08680063D4C7 /* Products */ = {
			isa = PBXGroup;
			children = (
				DD145FB42BCB08680063D4C7 /* LuckCoffee.app */,
			);
			name = Products;
			sourceTree = "<group>";
		};
		DD145FB62BCB08680063D4C7 /* LuckCoffee */ = {
			isa = PBXGroup;
			children = (
				DD145FD22BCB0D5C0063D4C7 /* ViewControllers */,
				DD145FCE2BCB0A5F0063D4C7 /* Support */,
				DD145FC52BCB086D0063D4C7 /* Info.plist */,
			);
			path = LuckCoffee;
			sourceTree = "<group>";
		};
		DD145FCB2BCB0A210063D4C7 /* HomeVC */ = {
			isa = PBXGroup;
			children = (
				DD78E12E2BD05C0F002234EC /* Data */,
				DD78E12B2BCEDAA9002234EC /* CustomCell */,
				DD145FBB2BCB08690063D4C7 /* HomeViewController.swift */,
				DD78E1212BCB3998002234EC /* HomeView.swift */,
			);
			path = HomeVC;
			sourceTree = "<group>";
		};
		DD145FCC2BCB0A2F0063D4C7 /* LoveVC */ = {
			isa = PBXGroup;
			children = (
				DD78E1232BCB3A46002234EC /* LoveViewController.swift */,
				DD78E1252BCB3A4F002234EC /* LoveView.swift */,
			);
			path = LoveVC;
			sourceTree = "<group>";
		};
		DD145FCD2BCB0A390063D4C7 /* BuyVC */ = {
			isa = PBXGroup;
			children = (
				DD78E1272BCB3AB3002234EC /* BuyViewController.swift */,
				DD78E1292BCB3AE1002234EC /* BuyView.swift */,
			);
			path = BuyVC;
			sourceTree = "<group>";
		};
		DD145FCE2BCB0A5F0063D4C7 /* Support */ = {
			isa = PBXGroup;
			children = (
				DD145FB72BCB08680063D4C7 /* AppDelegate.swift */,
				DD145FB92BCB08690063D4C7 /* SceneDelegate.swift */,
				DD145FC02BCB086D0063D4C7 /* Assets.xcassets */,
				DD145FC22BCB086D0063D4C7 /* LaunchScreen.storyboard */,
			);
			path = Support;
			sourceTree = "<group>";
		};
		DD145FD12BCB0D4E0063D4C7 /* TabBar */ = {
			isa = PBXGroup;
			children = (
				DD145FCF2BCB0A8B0063D4C7 /* TabBarController.swift */,
				DD145FD32BCB0D890063D4C7 /* TabBar.swift */,
			);
			path = TabBar;
			sourceTree = "<group>";
		};
		DD145FD22BCB0D5C0063D4C7 /* ViewControllers */ = {
			isa = PBXGroup;
			children = (
				DD145FD12BCB0D4E0063D4C7 /* TabBar */,
				DD145FCD2BCB0A390063D4C7 /* BuyVC */,
				DD145FCC2BCB0A2F0063D4C7 /* LoveVC */,
				DD145FCB2BCB0A210063D4C7 /* HomeVC */,
			);
			path = ViewControllers;
			sourceTree = "<group>";
		};
		DD78E12B2BCEDAA9002234EC /* CustomCell */ = {
			isa = PBXGroup;
			children = (
				DD78E12C2BCFD313002234EC /* SlideMenuCell.swift */,
			);
			path = CustomCell;
			sourceTree = "<group>";
		};
		DD78E12E2BD05C0F002234EC /* Data */ = {
			isa = PBXGroup;
			children = (
			);
			path = Data;
			sourceTree = "<group>";
		};
/* End PBXGroup section */

/* Begin PBXNativeTarget section */
		DD145FB32BCB08680063D4C7 /* LuckCoffee */ = {
			isa = PBXNativeTarget;
			buildConfigurationList = DD145FC82BCB086D0063D4C7 /* Build configuration list for PBXNativeTarget "LuckCoffee" */;
			buildPhases = (
				DD145FB02BCB08680063D4C7 /* Sources */,
				DD145FB12BCB08680063D4C7 /* Frameworks */,
				DD145FB22BCB08680063D4C7 /* Resources */,
			);
			buildRules = (
			);
			dependencies = (
			);
			name = LuckCoffee;
			productName = LuckCoffee;
			productReference = DD145FB42BCB08680063D4C7 /* LuckCoffee.app */;
			productType = "com.apple.product-type.application";
		};
/* End PBXNativeTarget section */

/* Begin PBXProject section */
		DD145FAC2BCB08680063D4C7 /* Project object */ = {
			isa = PBXProject;
			attributes = {
				BuildIndependentTargetsInParallel = 1;
				LastSwiftUpdateCheck = 1530;
				LastUpgradeCheck = 1530;
				TargetAttributes = {
					DD145FB32BCB08680063D4C7 = {
						CreatedOnToolsVersion = 15.3;
					};
				};
			};
			buildConfigurationList = DD145FAF2BCB08680063D4C7 /* Build configuration list for PBXProject "LuckCoffee" */;
			compatibilityVersion = "Xcode 14.0";
			developmentRegion = en;
			hasScannedForEncodings = 0;
			knownRegions = (
				en,
				Base,
			);
			mainGroup = DD145FAB2BCB08680063D4C7;
			productRefGroup = DD145FB52BCB08680063D4C7 /* Products */;
			projectDirPath = "";
			projectRoot = "";
			targets = (
				DD145FB32BCB08680063D4C7 /* LuckCoffee */,
			);
		};
/* End PBXProject section */

/* Begin PBXResourcesBuildPhase section */
		DD145FB22BCB08680063D4C7 /* Resources */ = {
			isa = PBXResourcesBuildPhase;
			buildActionMask = 2147483647;
			files = (
				DD145FC12BCB086D0063D4C7 /* Assets.xcassets in Resources */,
				DD145FC42BCB086D0063D4C7 /* Base in Resources */,
			);
			runOnlyForDeploymentPostprocessing = 0;
		};
/* End PBXResourcesBuildPhase section */

/* Begin PBXSourcesBuildPhase section */
		DD145FB02BCB08680063D4C7 /* Sources */ = {
			isa = PBXSourcesBuildPhase;
			buildActionMask = 2147483647;
			files = (
				DD78E12A2BCB3AE1002234EC /* BuyView.swift in Sources */,
				DD145FBC2BCB08690063D4C7 /* HomeViewController.swift in Sources */,
				DD145FD02BCB0A8B0063D4C7 /* TabBarController.swift in Sources */,
				DD78E1282BCB3AB3002234EC /* BuyViewController.swift in Sources */,
				DD78E1262BCB3A4F002234EC /* LoveView.swift in Sources */,
				DD145FB82BCB08680063D4C7 /* AppDelegate.swift in Sources */,
				DD78E1222BCB3998002234EC /* HomeView.swift in Sources */,
				DD145FBA2BCB08690063D4C7 /* SceneDelegate.swift in Sources */,
				DD78E12D2BCFD313002234EC /* SlideMenuCell.swift in Sources */,
				DD145FD42BCB0D890063D4C7 /* TabBar.swift in Sources */,
				DD78E1242BCB3A46002234EC /* LoveViewController.swift in Sources */,
			);
			runOnlyForDeploymentPostprocessing = 0;
		};
/* End PBXSourcesBuildPhase section */

/* Begin PBXVariantGroup section */
		DD145FC22BCB086D0063D4C7 /* LaunchScreen.storyboard */ = {
			isa = PBXVariantGroup;
			children = (
				DD145FC32BCB086D0063D4C7 /* Base */,
			);
			name = LaunchScreen.storyboard;
			sourceTree = "<group>";
		};
/* End PBXVariantGroup section */

/* Begin XCBuildConfiguration section */
		DD145FC62BCB086D0063D4C7 /* Debug */ = {
			isa = XCBuildConfiguration;
			buildSettings = {
				ALWAYS_SEARCH_USER_PATHS = NO;
				ASSETCATALOG_COMPILER_GENERATE_SWIFT_ASSET_SYMBOL_EXTENSIONS = YES;
				CLANG_ANALYZER_NONNULL = YES;
				CLANG_ANALYZER_NUMBER_OBJECT_CONVERSION = YES_AGGRESSIVE;
				CLANG_CXX_LANGUAGE_STANDARD = "gnu++20";
				CLANG_ENABLE_MODULES = YES;
				CLANG_ENABLE_OBJC_ARC = YES;
				CLANG_ENABLE_OBJC_WEAK = YES;
				CLANG_WARN_BLOCK_CAPTURE_AUTORELEASING = YES;
				CLANG_WARN_BOOL_CONVERSION = YES;
				CLANG_WARN_COMMA = YES;
				CLANG_WARN_CONSTANT_CONVERSION = YES;
				CLANG_WARN_DEPRECATED_OBJC_IMPLEMENTATIONS = YES;
				CLANG_WARN_DIRECT_OBJC_ISA_USAGE = YES_ERROR;
				CLANG_WARN_DOCUMENTATION_COMMENTS = YES;
				CLANG_WARN_EMPTY_BODY = YES;
				CLANG_WARN_ENUM_CONVERSION = YES;
				CLANG_WARN_INFINITE_RECURSION = YES;
				CLANG_WARN_INT_CONVERSION = YES;
				CLANG_WARN_NON_LITERAL_NULL_CONVERSION = YES;
				CLANG_WARN_OBJC_IMPLICIT_RETAIN_SELF = YES;
				CLANG_WARN_OBJC_LITERAL_CONVERSION = YES;
				CLANG_WARN_OBJC_ROOT_CLASS = YES_ERROR;
				CLANG_WARN_QUOTED_INCLUDE_IN_FRAMEWORK_HEADER = YES;
				CLANG_WARN_RANGE_LOOP_ANALYSIS = YES;
				CLANG_WARN_STRICT_PROTOTYPES = YES;
				CLANG_WARN_SUSPICIOUS_MOVE = YES;
				CLANG_WARN_UNGUARDED_AVAILABILITY = YES_AGGRESSIVE;
				CLANG_WARN_UNREACHABLE_CODE = YES;
				CLANG_WARN__DUPLICATE_METHOD_MATCH = YES;
				COPY_PHASE_STRIP = NO;
				DEBUG_INFORMATION_FORMAT = dwarf;
				ENABLE_STRICT_OBJC_MSGSEND = YES;
				ENABLE_TESTABILITY = YES;
				ENABLE_USER_SCRIPT_SANDBOXING = YES;
				GCC_C_LANGUAGE_STANDARD = gnu17;
				GCC_DYNAMIC_NO_PIC = NO;
				GCC_NO_COMMON_BLOCKS = YES;
				GCC_OPTIMIZATION_LEVEL = 0;
				GCC_PREPROCESSOR_DEFINITIONS = (
					"DEBUG=1",
					"$(inherited)",
				);
				GCC_WARN_64_TO_32_BIT_CONVERSION = YES;
				GCC_WARN_ABOUT_RETURN_TYPE = YES_ERROR;
				GCC_WARN_UNDECLARED_SELECTOR = YES;
				GCC_WARN_UNINITIALIZED_AUTOS = YES_AGGRESSIVE;
				GCC_WARN_UNUSED_FUNCTION = YES;
				GCC_WARN_UNUSED_VARIABLE = YES;
				IPHONEOS_DEPLOYMENT_TARGET = 17.4;
				LOCALIZATION_PREFERS_STRING_CATALOGS = YES;
				MTL_ENABLE_DEBUG_INFO = INCLUDE_SOURCE;
				MTL_FAST_MATH = YES;
				ONLY_ACTIVE_ARCH = YES;
				SDKROOT = iphoneos;
				SWIFT_ACTIVE_COMPILATION_CONDITIONS = "DEBUG $(inherited)";
				SWIFT_OPTIMIZATION_LEVEL = "-Onone";
			};
			name = Debug;
		};
		DD145FC72BCB086D0063D4C7 /* Release */ = {
			isa = XCBuildConfiguration;
			buildSettings = {
				ALWAYS_SEARCH_USER_PATHS = NO;
				ASSETCATALOG_COMPILER_GENERATE_SWIFT_ASSET_SYMBOL_EXTENSIONS = YES;
				CLANG_ANALYZER_NONNULL = YES;
				CLANG_ANALYZER_NUMBER_OBJECT_CONVERSION = YES_AGGRESSIVE;
				CLANG_CXX_LANGUAGE_STANDARD = "gnu++20";
				CLANG_ENABLE_MODULES = YES;
				CLANG_ENABLE_OBJC_ARC = YES;
				CLANG_ENABLE_OBJC_WEAK = YES;
				CLANG_WARN_BLOCK_CAPTURE_AUTORELEASING = YES;
				CLANG_WARN_BOOL_CONVERSION = YES;
				CLANG_WARN_COMMA = YES;
				CLANG_WARN_CONSTANT_CONVERSION = YES;
				CLANG_WARN_DEPRECATED_OBJC_IMPLEMENTATIONS = YES;
				CLANG_WARN_DIRECT_OBJC_ISA_USAGE = YES_ERROR;
				CLANG_WARN_DOCUMENTATION_COMMENTS = YES;
				CLANG_WARN_EMPTY_BODY = YES;
				CLANG_WARN_ENUM_CONVERSION = YES;
				CLANG_WARN_INFINITE_RECURSION = YES;
				CLANG_WARN_INT_CONVERSION = YES;
				CLANG_WARN_NON_LITERAL_NULL_CONVERSION = YES;
				CLANG_WARN_OBJC_IMPLICIT_RETAIN_SELF = YES;
				CLANG_WARN_OBJC_LITERAL_CONVERSION = YES;
				CLANG_WARN_OBJC_ROOT_CLASS = YES_ERROR;
				CLANG_WARN_QUOTED_INCLUDE_IN_FRAMEWORK_HEADER = YES;
				CLANG_WARN_RANGE_LOOP_ANALYSIS = YES;
				CLANG_WARN_STRICT_PROTOTYPES = YES;
				CLANG_WARN_SUSPICIOUS_MOVE = YES;
				CLANG_WARN_UNGUARDED_AVAILABILITY = YES_AGGRESSIVE;
				CLANG_WARN_UNREACHABLE_CODE = YES;
				CLANG_WARN__DUPLICATE_METHOD_MATCH = YES;
				COPY_PHASE_STRIP = NO;
				DEBUG_INFORMATION_FORMAT = "dwarf-with-dsym";
				ENABLE_NS_ASSERTIONS = NO;
				ENABLE_STRICT_OBJC_MSGSEND = YES;
				ENABLE_USER_SCRIPT_SANDBOXING = YES;
				GCC_C_LANGUAGE_STANDARD = gnu17;
				GCC_NO_COMMON_BLOCKS = YES;
				GCC_WARN_64_TO_32_BIT_CONVERSION = YES;
				GCC_WARN_ABOUT_RETURN_TYPE = YES_ERROR;
				GCC_WARN_UNDECLARED_SELECTOR = YES;
				GCC_WARN_UNINITIALIZED_AUTOS = YES_AGGRESSIVE;
				GCC_WARN_UNUSED_FUNCTION = YES;
				GCC_WARN_UNUSED_VARIABLE = YES;
				IPHONEOS_DEPLOYMENT_TARGET = 17.4;
				LOCALIZATION_PREFERS_STRING_CATALOGS = YES;
				MTL_ENABLE_DEBUG_INFO = NO;
				MTL_FAST_MATH = YES;
				SDKROOT = iphoneos;
				SWIFT_COMPILATION_MODE = wholemodule;
				VALIDATE_PRODUCT = YES;
			};
			name = Release;
		};
		DD145FC92BCB086D0063D4C7 /* Debug */ = {
			isa = XCBuildConfiguration;
			buildSettings = {
				ASSETCATALOG_COMPILER_APPICON_NAME = AppIcon;
				ASSETCATALOG_COMPILER_GLOBAL_ACCENT_COLOR_NAME = AccentColor;
				CODE_SIGN_STYLE = Automatic;
				CURRENT_PROJECT_VERSION = 1;
				DEVELOPMENT_TEAM = M486R3V7D5;
				GENERATE_INFOPLIST_FILE = YES;
				INFOPLIST_FILE = LuckCoffee/Info.plist;
				INFOPLIST_KEY_UIApplicationSupportsIndirectInputEvents = YES;
				INFOPLIST_KEY_UILaunchStoryboardName = LaunchScreen;
				INFOPLIST_KEY_UISupportedInterfaceOrientations_iPad = "UIInterfaceOrientationPortrait UIInterfaceOrientationPortraitUpsideDown UIInterfaceOrientationLandscapeLeft UIInterfaceOrientationLandscapeRight";
				INFOPLIST_KEY_UISupportedInterfaceOrientations_iPhone = "UIInterfaceOrientationPortrait UIInterfaceOrientationLandscapeLeft UIInterfaceOrientationLandscapeRight";
				LD_RUNPATH_SEARCH_PATHS = (
					"$(inherited)",
					"@executable_path/Frameworks",
				);
				MARKETING_VERSION = 1.0;
				PRODUCT_BUNDLE_IDENTIFIER = com.Drolllted.LuckCoffee;
				PRODUCT_NAME = "$(TARGET_NAME)";
				SWIFT_EMIT_LOC_STRINGS = YES;
				SWIFT_VERSION = 5.0;
				TARGETED_DEVICE_FAMILY = "1,2";
			};
			name = Debug;
		};
		DD145FCA2BCB086D0063D4C7 /* Release */ = {
			isa = XCBuildConfiguration;
			buildSettings = {
				ASSETCATALOG_COMPILER_APPICON_NAME = AppIcon;
				ASSETCATALOG_COMPILER_GLOBAL_ACCENT_COLOR_NAME = AccentColor;
				CODE_SIGN_STYLE = Automatic;
				CURRENT_PROJECT_VERSION = 1;
				DEVELOPMENT_TEAM = M486R3V7D5;
				GENERATE_INFOPLIST_FILE = YES;
				INFOPLIST_FILE = LuckCoffee/Info.plist;
				INFOPLIST_KEY_UIApplicationSupportsIndirectInputEvents = YES;
				INFOPLIST_KEY_UILaunchStoryboardName = LaunchScreen;
				INFOPLIST_KEY_UISupportedInterfaceOrientations_iPad = "UIInterfaceOrientationPortrait UIInterfaceOrientationPortraitUpsideDown UIInterfaceOrientationLandscapeLeft UIInterfaceOrientationLandscapeRight";
				INFOPLIST_KEY_UISupportedInterfaceOrientations_iPhone = "UIInterfaceOrientationPortrait UIInterfaceOrientationLandscapeLeft UIInterfaceOrientationLandscapeRight";
				LD_RUNPATH_SEARCH_PATHS = (
					"$(inherited)",
					"@executable_path/Frameworks",
				);
				MARKETING_VERSION = 1.0;
				PRODUCT_BUNDLE_IDENTIFIER = com.Drolllted.LuckCoffee;
				PRODUCT_NAME = "$(TARGET_NAME)";
				SWIFT_EMIT_LOC_STRINGS = YES;
				SWIFT_VERSION = 5.0;
				TARGETED_DEVICE_FAMILY = "1,2";
			};
			name = Release;
		};
/* End XCBuildConfiguration section */

/* Begin XCConfigurationList section */
		DD145FAF2BCB08680063D4C7 /* Build configuration list for PBXProject "LuckCoffee" */ = {
			isa = XCConfigurationList;
			buildConfigurations = (
				DD145FC62BCB086D0063D4C7 /* Debug */,
				DD145FC72BCB086D0063D4C7 /* Release */,
			);
			defaultConfigurationIsVisible = 0;
			defaultConfigurationName = Release;
		};
		DD145FC82BCB086D0063D4C7 /* Build configuration list for PBXNativeTarget "LuckCoffee" */ = {
			isa = XCConfigurationList;
			buildConfigurations = (
				DD145FC92BCB086D0063D4C7 /* Debug */,
				DD145FCA2BCB086D0063D4C7 /* Release */,
			);
			defaultConfigurationIsVisible = 0;
			defaultConfigurationName = Release;
		};
/* End XCConfigurationList section */
	};
	rootObject = DD145FAC2BCB08680063D4C7 /* Project object */;
}
